# THIS IS AN AUTOGENERATED FILE. DO NOT EDIT THIS FILE DIRECTLY.
# yarn lockfile v1


bootstrap@3.4.1:
  version "3.4.1"
  resolved "https://registry.yarnpkg.com/bootstrap/-/bootstrap-3.4.1.tgz#c3a347d419e289ad11f4033e3c4132b87c081d72"
  integrity sha512-yN5oZVmRCwe5aKwzRj6736nSmKDX7pLYwsXiCj/EYmo16hODaBiT4En5btW/jhBF/seV+XMx3aYwukYC3A49DA==

inputmask@3.3.11:
  version "3.3.11"
  resolved "https://registry.yarnpkg.com/inputmask/-/inputmask-3.3.11.tgz#1421c94ae28c3dcd1b4d26337b508bb34998e2d8"
  integrity sha1-FCHJSuKMPc0bTSYze1CLs0mY4tg=

jquery@3.4.1:
  version "3.4.1"
  resolved "https://registry.yarnpkg.com/jquery/-/jquery-3.4.1.tgz#714f1f8d9dde4bdfa55764ba37ef214630d80ef2"
  integrity sha512-36+AdBzCL+y6qjw5Tx7HgzeGCzC81MDDgaUP8ld2zhx58HdqXGoBd+tHdrBMiyjGQs0Hxs/MLZTu/eHNJJuWPw==

js-cookie@^2.2.1:
  version "2.2.1"
  resolved "https://registry.yarnpkg.com/js-cookie/-/js-cookie-2.2.1.tgz#69e106dc5d5806894562902aa5baec3744e9b2b8"
  integrity sha512-HvdH2LzI/EAZcUwA8+0nKNtWHqS+ZmijLA30RwZA0bo7ToCckjK5MkGhjED9KoRcXO6BaGI3I9UIzSA1FKFPOQ==

layerui@3.1.1:
  version "3.1.1"
  resolved "https://registry.yarnpkg.com/layerui/-/layerui-3.1.1.tgz#3a685f7174a0fe979d674cae96883f8f16d29415"
  integrity sha512-G68ky+xf6cGP01nviOH3+6XznK7kPX+5xSGsVE0MZW75Ud1Wdi211nsjXYeoNF5bo3R9AY6ya7s1kRrUKwah7A==

punycode@1.3.2:
  version "1.3.2"
  resolved "https://registry.yarnpkg.com/punycode/-/punycode-1.3.2.tgz#9653a036fb7c1ee42342f2325cceefea3926c48d"
  integrity sha1-llOgNvt8HuQjQvIyXM7v6jkmxI0=

yii2-pjax@2.0.7:
  version "2.0.7"
  resolved "https://registry.yarnpkg.com/yii2-pjax/-/yii2-pjax-2.0.7.tgz#fe1f8350aed1c11c6ecdd14dadad03bd8b13b19a"
  integrity sha1-/h+DUK7RwRxuzdFNra0DvYsTsZo=
